
Microsoft Visual Studio Solution File, Format Version 12.00
# Visual Studio Version 17
VisualStudioVersion = 17.6.33815.320
MinimumVisualStudioVersion = 10.0.40219.1
Project("{9A19103F-16F7-4668-BE54-9A1E7A4F7556}") = "WebAPIAutores", "WebAPIAutores\WebAPIAutores.csproj", "{A5C7474D-4C89-40EE-9EB5-76CAFA49EB2C}"
EndProject
Project("{FAE04EC0-301F-11D3-BF4B-00C04F79EFBC}") = "WebAPIAutores.Test", "WebAPIAutores.Test\WebAPIAutores.Test.csproj", "{DD224D4D-BFBF-4A6B-B002-6B3E8053A32D}"
EndProject
Global
	GlobalSection(SolutionConfigurationPlatforms) = preSolution
		Debug|Any CPU = Debug|Any CPU
		Release|Any CPU = Release|Any CPU
	EndGlobalSection
	GlobalSection(ProjectConfigurationPlatforms) = postSolution
		{A5C7474D-4C89-40EE-9EB5-76CAFA49EB2C}.Debug|Any CPU.ActiveCfg = Debug|Any CPU
		{A5C7474D-4C89-40EE-9EB5-76CAFA49EB2C}.Debug|Any CPU.Build.0 = Debug|Any CPU
		{A5C7474D-4C89-40EE-9EB5-76CAFA49EB2C}.Release|Any CPU.ActiveCfg = Release|Any CPU
		{A5C7474D-4C89-40EE-9EB5-76CAFA49EB2C}.Release|Any CPU.Build.0 = Release|Any CPU
		{DD224D4D-BFBF-4A6B-B002-6B3E8053A32D}.Debug|Any CPU.ActiveCfg = Debug|Any CPU
		{DD224D4D-BFBF-4A6B-B002-6B3E8053A32D}.Debug|Any CPU.Build.0 = Debug|Any CPU
		{DD224D4D-BFBF-4A6B-B002-6B3E8053A32D}.Release|Any CPU.ActiveCfg = Release|Any CPU
		{DD224D4D-BFBF-4A6B-B002-6B3E8053A32D}.Release|Any CPU.Build.0 = Release|Any CPU
	EndGlobalSection
	GlobalSection(SolutionProperties) = preSolution
		HideSolutionNode = FALSE
	EndGlobalSection
	GlobalSection(ExtensibilityGlobals) = postSolution
		SolutionGuid = {02E1CD88-70D4-43EC-8433-6E2ED09F3DF0}
	EndGlobalSection
EndGlobal
